
Microsoft Visual Studio Solution File, Format Version 12.00
# Visual Studio 15
VisualStudioVersion = 15.0.28010.2048
MinimumVisualStudioVersion = 10.0.40219.1
Project("{FAE04EC0-301F-11D3-BF4B-00C04F79EFBC}") = "ConsoleApp2", "ConsoleApp2\ConsoleApp2.csproj", "{B6597D9A-A554-498F-BD19-E5CD793C2E44}"
EndProject
Global
	GlobalSection(SolutionConfigurationPlatforms) = preSolution
		Debug|Any CPU = Debug|Any CPU
		Release|Any CPU = Release|Any CPU
	EndGlobalSection
	GlobalSection(ProjectConfigurationPlatforms) = postSolution
		{B6597D9A-A554-498F-BD19-E5CD793C2E44}.Debug|Any CPU.ActiveCfg = Debug|Any CPU
		{B6597D9A-A554-498F-BD19-E5CD793C2E44}.Debug|Any CPU.Build.0 = Debug|Any CPU
		{B6597D9A-A554-498F-BD19-E5CD793C2E44}.Release|Any CPU.ActiveCfg = Release|Any CPU
		{B6597D9A-A554-498F-BD19-E5CD793C2E44}.Release|Any CPU.Build.0 = Release|Any CPU
	EndGlobalSection
	GlobalSection(SolutionProperties) = preSolution
		HideSolutionNode = FALSE
	EndGlobalSection
	GlobalSection(ExtensibilityGlobals) = postSolution
		SolutionGuid = {7BEBEE0C-A141-4A53-8D06-6A25E2F0970A}
	EndGlobalSection
EndGlobal
